
Microsoft Visual Studio Solution File, Format Version 12.00
# Visual Studio Version 17
VisualStudioVersion = 17.0.31903.59
MinimumVisualStudioVersion = 10.0.40219.1
Project("{FAE04EC0-301F-11D3-BF4B-00C04F79EFBC}") = "BansheeIdle", "BansheeIdle.csproj", "{6F2FB5F9-2EA2-44DD-BFCF-9254F5CEAF31}"
EndProject
Global
	GlobalSection(SolutionConfigurationPlatforms) = preSolution
		Debug|Any CPU = Debug|Any CPU
		Release|Any CPU = Release|Any CPU
	EndGlobalSection
	GlobalSection(SolutionProperties) = preSolution
		HideSolutionNode = FALSE
	EndGlobalSection
	GlobalSection(ProjectConfigurationPlatforms) = postSolution
		{6F2FB5F9-2EA2-44DD-BFCF-9254F5CEAF31}.Debug|Any CPU.ActiveCfg = Debug|Any CPU
		{6F2FB5F9-2EA2-44DD-BFCF-9254F5CEAF31}.Debug|Any CPU.Build.0 = Debug|Any CPU
		{6F2FB5F9-2EA2-44DD-BFCF-9254F5CEAF31}.Release|Any CPU.ActiveCfg = Debug|Any CPU
		{6F2FB5F9-2EA2-44DD-BFCF-9254F5CEAF31}.Release|Any CPU.Build.0 = Debug|Any CPU
	EndGlobalSection
EndGlobal
